
Microsoft Visual Studio Solution File, Format Version 12.00
Project("{FAE04EC0-301F-11D3-BF4B-00C04F79EFBC}") = "AppToWallpaper", "AppToWallpaper.csproj", "{8FCC5A73-BC89-409A-A7A5-2BAFC2256019}"
EndProject
Global
	GlobalSection(SolutionConfigurationPlatforms) = preSolution
		Debug|Any CPU = Debug|Any CPU
		Release|Any CPU = Release|Any CPU
	EndGlobalSection
	GlobalSection(ProjectConfigurationPlatforms) = postSolution
		{8FCC5A73-BC89-409A-A7A5-2BAFC2256019}.Debug|Any CPU.ActiveCfg = Debug|Any CPU
		{8FCC5A73-BC89-409A-A7A5-2BAFC2256019}.Debug|Any CPU.Build.0 = Debug|Any CPU
		{8FCC5A73-BC89-409A-A7A5-2BAFC2256019}.Release|Any CPU.ActiveCfg = Release|Any CPU
		{8FCC5A73-BC89-409A-A7A5-2BAFC2256019}.Release|Any CPU.Build.0 = Release|Any CPU
	EndGlobalSection
EndGlobal
